
Microsoft Visual Studio Solution File, Format Version 12.00
# Visual Studio Version 17
VisualStudioVersion = 17.13.35825.156
MinimumVisualStudioVersion = 10.0.40219.1
Project("{2150E333-8FDC-42A3-9474-1A3956D46DE8}") = "Solution Items", "Solution Items", "{60B2FBAD-6E93-4022-9328-2F9EBD5409AA}"
	ProjectSection(SolutionItems) = preProject
		.editorconfig = .editorconfig
	EndProjectSection
EndProject
Project("{2150E333-8FDC-42A3-9474-1A3956D46DE8}") = "docs", "docs", "{13CF0855-6798-48EB-80AB-B9D38C01CF88}"
	ProjectSection(SolutionItems) = preProject
		docs\technical_requirement.md = docs\technical_requirement.md
		docs\technical_requirement_ru.md = docs\technical_requirement_ru.md
	EndProjectSection
EndProject
Project("{2150E333-8FDC-42A3-9474-1A3956D46DE8}") = "src", "src", "{02EA681E-C7D8-13C7-8484-4AC65E1B71E8}"
EndProject
Project("{2150E333-8FDC-42A3-9474-1A3956D46DE8}") = "frontend", "frontend", "{4E2AB988-A314-4F35-94B2-DE8C2FB7297D}"
EndProject
Project("{2150E333-8FDC-42A3-9474-1A3956D46DE8}") = "backend", "backend", "{3F18C12A-9891-40B3-8DAA-EE6152B1D4A1}"
EndProject
Project("{2150E333-8FDC-42A3-9474-1A3956D46DE8}") = "aspire", "aspire", "{E3D92337-6428-471E-8A26-5C32618EC8D9}"
EndProject
Project("{54A90642-561A-4BB1-A94E-469ADEE60C69}") = "creator-fund.web", "src\frontend\creator-fund.web\creator-fund.web.esproj", "{60CA8B95-C1C2-406A-A673-C6F408F2D1DD}"
EndProject
Project("{FAE04EC0-301F-11D3-BF4B-00C04F79EFBC}") = "CreatorFund.Contracts", "src\backend\CreatorFund.Contracts\CreatorFund.Contracts.csproj", "{033422E4-046B-4B8E-B72D-CC1AE5D50457}"
EndProject
Project("{FAE04EC0-301F-11D3-BF4B-00C04F79EFBC}") = "CreatorFund.Application", "src\backend\CreatorFund.Application\CreatorFund.Application.csproj", "{CADB9896-FA6E-4ACF-8124-DB34DACCC64A}"
EndProject
Project("{FAE04EC0-301F-11D3-BF4B-00C04F79EFBC}") = "CreatorFund.Api", "src\backend\CreatorFund.Api\CreatorFund.Api.csproj", "{B124DF92-F1E7-49CF-893D-F5F5C8678D7C}"
EndProject
Project("{FAE04EC0-301F-11D3-BF4B-00C04F79EFBC}") = "CreatorFund.AppHost", "src\aspire\CreatorFund.AppHost\CreatorFund.AppHost.csproj", "{41C9EEBE-4108-4751-AC16-A7F9AB3773DE}"
EndProject
Project("{FAE04EC0-301F-11D3-BF4B-00C04F79EFBC}") = "CreatorFund.ServiceDefaults", "src\aspire\CreatorFund.ServiceDefaults\CreatorFund.ServiceDefaults.csproj", "{32476272-016D-4E46-9B72-80ECCA3F6094}"
EndProject
Project("{2150E333-8FDC-42A3-9474-1A3956D46DE8}") = "shared", "shared", "{79ADF505-80B0-40BF-BC98-DAACD7FFEF7B}"
EndProject
Project("{FAE04EC0-301F-11D3-BF4B-00C04F79EFBC}") = "CreatorFund.EventBusRabbitMQ", "src\backend\CreatorFund.EventBusRabbitMQ\CreatorFund.EventBusRabbitMQ.csproj", "{EBBDE051-6572-44F4-A92A-0835C4C936AF}"
EndProject
Project("{FAE04EC0-301F-11D3-BF4B-00C04F79EFBC}") = "CreatorFund.EventBus", "src\backend\CreatorFund.EventBus\CreatorFund.EventBus.csproj", "{42DC50A8-7BF6-46E3-A491-226B42D8E0D8}"
EndProject
Project("{FAE04EC0-301F-11D3-BF4B-00C04F79EFBC}") = "CreatorFund.TelegramBot", "src\backend\CreatorFund.TelegramBot\CreatorFund.TelegramBot.csproj", "{9C68B53C-2E1A-426E-BC6F-B4C2FF9E8002}"
EndProject
Global
	GlobalSection(SolutionConfigurationPlatforms) = preSolution
		Debug|Any CPU = Debug|Any CPU
		Release|Any CPU = Release|Any CPU
	EndGlobalSection
	GlobalSection(SolutionProperties) = preSolution
		HideSolutionNode = FALSE
	EndGlobalSection
	GlobalSection(NestedProjects) = preSolution
		{4E2AB988-A314-4F35-94B2-DE8C2FB7297D} = {02EA681E-C7D8-13C7-8484-4AC65E1B71E8}
		{3F18C12A-9891-40B3-8DAA-EE6152B1D4A1} = {02EA681E-C7D8-13C7-8484-4AC65E1B71E8}
		{E3D92337-6428-471E-8A26-5C32618EC8D9} = {02EA681E-C7D8-13C7-8484-4AC65E1B71E8}
		{60CA8B95-C1C2-406A-A673-C6F408F2D1DD} = {4E2AB988-A314-4F35-94B2-DE8C2FB7297D}
		{033422E4-046B-4B8E-B72D-CC1AE5D50457} = {3F18C12A-9891-40B3-8DAA-EE6152B1D4A1}
		{CADB9896-FA6E-4ACF-8124-DB34DACCC64A} = {3F18C12A-9891-40B3-8DAA-EE6152B1D4A1}
		{B124DF92-F1E7-49CF-893D-F5F5C8678D7C} = {3F18C12A-9891-40B3-8DAA-EE6152B1D4A1}
		{41C9EEBE-4108-4751-AC16-A7F9AB3773DE} = {E3D92337-6428-471E-8A26-5C32618EC8D9}
		{32476272-016D-4E46-9B72-80ECCA3F6094} = {E3D92337-6428-471E-8A26-5C32618EC8D9}
		{79ADF505-80B0-40BF-BC98-DAACD7FFEF7B} = {02EA681E-C7D8-13C7-8484-4AC65E1B71E8}
		{EBBDE051-6572-44F4-A92A-0835C4C936AF} = {3F18C12A-9891-40B3-8DAA-EE6152B1D4A1}
		{42DC50A8-7BF6-46E3-A491-226B42D8E0D8} = {3F18C12A-9891-40B3-8DAA-EE6152B1D4A1}
		{9C68B53C-2E1A-426E-BC6F-B4C2FF9E8002} = {3F18C12A-9891-40B3-8DAA-EE6152B1D4A1}
	EndGlobalSection
	GlobalSection(ExtensibilityGlobals) = postSolution
		SolutionGuid = {1D80A200-C9A7-4B95-AFC9-F824300E7EBB}
	EndGlobalSection
	GlobalSection(ProjectConfigurationPlatforms) = postSolution
		{60CA8B95-C1C2-406A-A673-C6F408F2D1DD}.Debug|Any CPU.ActiveCfg = Debug|Any CPU
		{60CA8B95-C1C2-406A-A673-C6F408F2D1DD}.Debug|Any CPU.Build.0 = Debug|Any CPU
		{60CA8B95-C1C2-406A-A673-C6F408F2D1DD}.Release|Any CPU.ActiveCfg = Debug|Any CPU
		{60CA8B95-C1C2-406A-A673-C6F408F2D1DD}.Release|Any CPU.Build.0 = Debug|Any CPU
		{033422E4-046B-4B8E-B72D-CC1AE5D50457}.Debug|Any CPU.ActiveCfg = Debug|Any CPU
		{033422E4-046B-4B8E-B72D-CC1AE5D50457}.Debug|Any CPU.Build.0 = Debug|Any CPU
		{033422E4-046B-4B8E-B72D-CC1AE5D50457}.Release|Any CPU.ActiveCfg = Release|Any CPU
		{033422E4-046B-4B8E-B72D-CC1AE5D50457}.Release|Any CPU.Build.0 = Release|Any CPU
		{CADB9896-FA6E-4ACF-8124-DB34DACCC64A}.Debug|Any CPU.ActiveCfg = Debug|Any CPU
		{CADB9896-FA6E-4ACF-8124-DB34DACCC64A}.Debug|Any CPU.Build.0 = Debug|Any CPU
		{CADB9896-FA6E-4ACF-8124-DB34DACCC64A}.Release|Any CPU.ActiveCfg = Release|Any CPU
		{CADB9896-FA6E-4ACF-8124-DB34DACCC64A}.Release|Any CPU.Build.0 = Release|Any CPU
		{B124DF92-F1E7-49CF-893D-F5F5C8678D7C}.Debug|Any CPU.ActiveCfg = Debug|Any CPU
		{B124DF92-F1E7-49CF-893D-F5F5C8678D7C}.Debug|Any CPU.Build.0 = Debug|Any CPU
		{B124DF92-F1E7-49CF-893D-F5F5C8678D7C}.Release|Any CPU.ActiveCfg = Release|Any CPU
		{B124DF92-F1E7-49CF-893D-F5F5C8678D7C}.Release|Any CPU.Build.0 = Release|Any CPU
		{41C9EEBE-4108-4751-AC16-A7F9AB3773DE}.Debug|Any CPU.ActiveCfg = Debug|Any CPU
		{41C9EEBE-4108-4751-AC16-A7F9AB3773DE}.Debug|Any CPU.Build.0 = Debug|Any CPU
		{41C9EEBE-4108-4751-AC16-A7F9AB3773DE}.Release|Any CPU.ActiveCfg = Release|Any CPU
		{41C9EEBE-4108-4751-AC16-A7F9AB3773DE}.Release|Any CPU.Build.0 = Release|Any CPU
		{32476272-016D-4E46-9B72-80ECCA3F6094}.Debug|Any CPU.ActiveCfg = Debug|Any CPU
		{32476272-016D-4E46-9B72-80ECCA3F6094}.Debug|Any CPU.Build.0 = Debug|Any CPU
		{32476272-016D-4E46-9B72-80ECCA3F6094}.Release|Any CPU.ActiveCfg = Release|Any CPU
		{32476272-016D-4E46-9B72-80ECCA3F6094}.Release|Any CPU.Build.0 = Release|Any CPU
		{EBBDE051-6572-44F4-A92A-0835C4C936AF}.Debug|Any CPU.ActiveCfg = Debug|Any CPU
		{EBBDE051-6572-44F4-A92A-0835C4C936AF}.Debug|Any CPU.Build.0 = Debug|Any CPU
		{EBBDE051-6572-44F4-A92A-0835C4C936AF}.Release|Any CPU.ActiveCfg = Release|Any CPU
		{EBBDE051-6572-44F4-A92A-0835C4C936AF}.Release|Any CPU.Build.0 = Release|Any CPU
		{42DC50A8-7BF6-46E3-A491-226B42D8E0D8}.Debug|Any CPU.ActiveCfg = Debug|Any CPU
		{42DC50A8-7BF6-46E3-A491-226B42D8E0D8}.Debug|Any CPU.Build.0 = Debug|Any CPU
		{42DC50A8-7BF6-46E3-A491-226B42D8E0D8}.Release|Any CPU.ActiveCfg = Release|Any CPU
		{42DC50A8-7BF6-46E3-A491-226B42D8E0D8}.Release|Any CPU.Build.0 = Release|Any CPU
		{9C68B53C-2E1A-426E-BC6F-B4C2FF9E8002}.Debug|Any CPU.ActiveCfg = Debug|Any CPU
		{9C68B53C-2E1A-426E-BC6F-B4C2FF9E8002}.Debug|Any CPU.Build.0 = Debug|Any CPU
		{9C68B53C-2E1A-426E-BC6F-B4C2FF9E8002}.Release|Any CPU.ActiveCfg = Release|Any CPU
		{9C68B53C-2E1A-426E-BC6F-B4C2FF9E8002}.Release|Any CPU.Build.0 = Release|Any CPU
	EndGlobalSection
EndGlobal
